
Microsoft Visual Studio Solution File, Format Version 12.00
# Visual Studio 2013
VisualStudioVersion = 12.0.30723.0
MinimumVisualStudioVersion = 10.0.40219.1
Project("{FAE04EC0-301F-11D3-BF4B-00C04F79EFBC}") = "Company.Data", "Company.Data\Company.Data.csproj", "{9ECCF89E-7D80-4DDE-AF8D-59CFB458BDB1}"
EndProject
Project("{FAE04EC0-301F-11D3-BF4B-00C04F79EFBC}") = "Company.DataSeed", "Company.DataSeed\Company.DataSeed.csproj", "{B10F2D4E-F7CF-410B-8091-D0348BAF0F5D}"
EndProject
Project("{FAE04EC0-301F-11D3-BF4B-00C04F79EFBC}") = "Company.Client.Console", "Company.Client.Console\Company.Client.Console.csproj", "{05A45C05-FA5D-4778-A18B-DDAC6F37E477}"
EndProject
Global
	GlobalSection(SolutionConfigurationPlatforms) = preSolution
		Debug|Any CPU = Debug|Any CPU
		Release|Any CPU = Release|Any CPU
	EndGlobalSection
	GlobalSection(ProjectConfigurationPlatforms) = postSolution
		{9ECCF89E-7D80-4DDE-AF8D-59CFB458BDB1}.Debug|Any CPU.ActiveCfg = Debug|Any CPU
		{9ECCF89E-7D80-4DDE-AF8D-59CFB458BDB1}.Debug|Any CPU.Build.0 = Debug|Any CPU
		{9ECCF89E-7D80-4DDE-AF8D-59CFB458BDB1}.Release|Any CPU.ActiveCfg = Release|Any CPU
		{9ECCF89E-7D80-4DDE-AF8D-59CFB458BDB1}.Release|Any CPU.Build.0 = Release|Any CPU
		{B10F2D4E-F7CF-410B-8091-D0348BAF0F5D}.Debug|Any CPU.ActiveCfg = Debug|Any CPU
		{B10F2D4E-F7CF-410B-8091-D0348BAF0F5D}.Debug|Any CPU.Build.0 = Debug|Any CPU
		{B10F2D4E-F7CF-410B-8091-D0348BAF0F5D}.Release|Any CPU.ActiveCfg = Release|Any CPU
		{B10F2D4E-F7CF-410B-8091-D0348BAF0F5D}.Release|Any CPU.Build.0 = Release|Any CPU
		{05A45C05-FA5D-4778-A18B-DDAC6F37E477}.Debug|Any CPU.ActiveCfg = Debug|Any CPU
		{05A45C05-FA5D-4778-A18B-DDAC6F37E477}.Debug|Any CPU.Build.0 = Debug|Any CPU
		{05A45C05-FA5D-4778-A18B-DDAC6F37E477}.Release|Any CPU.ActiveCfg = Release|Any CPU
		{05A45C05-FA5D-4778-A18B-DDAC6F37E477}.Release|Any CPU.Build.0 = Release|Any CPU
	EndGlobalSection
	GlobalSection(SolutionProperties) = preSolution
		HideSolutionNode = FALSE
	EndGlobalSection
EndGlobal
