
Microsoft Visual Studio Solution File, Format Version 12.00
# Visual Studio 2013
VisualStudioVersion = 12.0.21005.1
MinimumVisualStudioVersion = 10.0.40219.1
Project("{FAE04EC0-301F-11D3-BF4B-00C04F79EFBC}") = "1.MultiverseCommunication", "1.MultiverseCommunication\1.MultiverseCommunication.csproj", "{6C5D5A7A-2B7A-467D-9CE3-1B0B3E8B4B9B}"
EndProject
Project("{2150E333-8FDC-42A3-9474-1A3956D46DE8}") = "14 Sept 2013 - Morning", "14 Sept 2013 - Morning", "{36453B9F-5EE9-45CF-8A78-2A6839B6B3F2}"
EndProject
Project("{FAE04EC0-301F-11D3-BF4B-00C04F79EFBC}") = "2.MagicWords", "2.MagicWords\2.MagicWords.csproj", "{F617F7DC-B8E5-490F-A33D-19ED27FCC365}"
EndProject
Project("{FAE04EC0-301F-11D3-BF4B-00C04F79EFBC}") = "3.Tron3D NOT COMPLETED", "3.Tron3D\3.Tron3D NOT COMPLETED.csproj", "{E736EEE2-D79E-4C14-BC16-31E8FC9C1D58}"
EndProject
Project("{FAE04EC0-301F-11D3-BF4B-00C04F79EFBC}") = "4.DecodeDecrypt", "4.DecodeDecrypt\4.DecodeDecrypt.csproj", "{5871899F-93C5-49CA-B476-8679D0EFF490}"
EndProject
Project("{FAE04EC0-301F-11D3-BF4B-00C04F79EFBC}") = "5.PermutationGrisko", "5.PermutationGrisko\5.PermutationGrisko.csproj", "{5E060D15-A7BB-4C62-96A7-CD5588682F92}"
EndProject
Project("{2150E333-8FDC-42A3-9474-1A3956D46DE8}") = "14 Sept 2013 - Evening", "14 Sept 2013 - Evening", "{C7040F18-46E5-43DA-A145-9E3FB8D0F658}"
EndProject
Project("{FAE04EC0-301F-11D3-BF4B-00C04F79EFBC}") = "1.Zerg", "1.Zerg\1.Zerg.csproj", "{EBADBBB7-7EF3-428D-AAA7-98682E81D26B}"
EndProject
Project("{FAE04EC0-301F-11D3-BF4B-00C04F79EFBC}") = "2.MovingLetters", "2.MovingLetters\2.MovingLetters.csproj", "{44FAA50A-4B45-48D8-98B7-3FBDAB800A67}"
EndProject
Project("{FAE04EC0-301F-11D3-BF4B-00C04F79EFBC}") = "3.Trails3D NOT COMPLETED", "3.Trails3D\3.Trails3D NOT COMPLETED.csproj", "{9E1A265B-AE32-4839-B36E-70D7E36E1CE9}"
EndProject
Project("{FAE04EC0-301F-11D3-BF4B-00C04F79EFBC}") = "4.EncodeEncrypt", "4.EncodeEncrypt\4.EncodeEncrypt.csproj", "{07F893CA-8759-49CC-809B-E4E5EA6CB52D}"
EndProject
Project("{FAE04EC0-301F-11D3-BF4B-00C04F79EFBC}") = "5.PermutationGreen", "5.PermutationGreen\5.PermutationGreen.csproj", "{C0B0EBAA-36CB-4883-BCC3-7C826D0FA5DB}"
EndProject
Project("{2150E333-8FDC-42A3-9474-1A3956D46DE8}") = "11 Feb 2013", "11 Feb 2013", "{3B485DEF-EF01-45F4-8FF4-9C047DD34566}"
EndProject
Project("{FAE04EC0-301F-11D3-BF4B-00C04F79EFBC}") = "1.9gag", "1.9gag\1.9gag.csproj", "{E16EE16B-A416-4120-AF96-862B293CA3BE}"
EndProject
Project("{FAE04EC0-301F-11D3-BF4B-00C04F79EFBC}") = "2.SpecialValue", "2.SpecialValue\2.SpecialValue.csproj", "{8816F324-0E2C-4480-9B44-087FE2FBB3E1}"
EndProject
Project("{FAE04EC0-301F-11D3-BF4B-00C04F79EFBC}") = "3.DancingCop", "3.DancingCop\3.DancingCop.csproj", "{E9A6DC74-26A5-4549-B57F-77BC6FEADD31}"
EndProject
Project("{FAE04EC0-301F-11D3-BF4B-00C04F79EFBC}") = "4.FakeTextMarkupLang", "4.FakeTextMarkupLang\4.FakeTextMarkupLang.csproj", "{D30C5481-C6D8-48EE-B43C-3AE6BE53E082}"
EndProject
Project("{FAE04EC0-301F-11D3-BF4B-00C04F79EFBC}") = "5.ThreeInOne", "5.ThreeInOne\5.ThreeInOne.csproj", "{15A51F3F-B38A-4825-908C-5F4E223EFB97}"
EndProject
Project("{2150E333-8FDC-42A3-9474-1A3956D46DE8}") = "5 Feb 2013", "5 Feb 2013", "{3E7D2749-8E53-4CF1-BA7D-FA3BAA5973A0}"
EndProject
Project("{FAE04EC0-301F-11D3-BF4B-00C04F79EFBC}") = "1.DurankulakNumbers", "1.DurankulakNumbers\1.DurankulakNumbers.csproj", "{C6235AC5-DA8B-4134-8B96-215B22A26828}"
EndProject
Project("{FAE04EC0-301F-11D3-BF4B-00C04F79EFBC}") = "2.JoroTheRabbit", "2.JoroTheRabbit\2.JoroTheRabbit.csproj", "{F7BAF32B-C486-4B7D-9DC4-CD6C837765C4}"
EndProject
Project("{FAE04EC0-301F-11D3-BF4B-00C04F79EFBC}") = "3.Laser", "3.Laser\3.Laser.csproj", "{6AE05451-393D-4F04-BFBA-BD6A5CF349B2}"
EndProject
Project("{FAE04EC0-301F-11D3-BF4B-00C04F79EFBC}") = "4.Brackets", "4.Brackets\4.Brackets.csproj", "{ADBA9252-6823-48AA-8E1E-10635D0528E6}"
EndProject
Project("{FAE04EC0-301F-11D3-BF4B-00C04F79EFBC}") = "5.TwoIsBetter", "5.TwoIsBetter\5.TwoIsBetter.csproj", "{1C98D1C8-71E0-4F0B-8F3F-861125E52C7F}"
EndProject
Project("{2150E333-8FDC-42A3-9474-1A3956D46DE8}") = "4 Feb 2013 - Morning", "4 Feb 2013 - Morning", "{A68A447B-9953-41F7-BD1F-1FB08F09E335}"
EndProject
Project("{FAE04EC0-301F-11D3-BF4B-00C04F79EFBC}") = "1.KaspichanNumbers", "1.KaspichanNumbers\1.KaspichanNumbers.csproj", "{7F40D46D-FEE5-4CB0-B655-098A0EEB2B42}"
EndProject
Project("{FAE04EC0-301F-11D3-BF4B-00C04F79EFBC}") = "2.GreedyDwarf", "2.GreedyDwarf\2.GreedyDwarf.csproj", "{C3C91AEA-A50E-4372-BB75-5EC7AF496AC2}"
EndProject
Project("{FAE04EC0-301F-11D3-BF4B-00C04F79EFBC}") = "3.Slides", "3.Slides\3.Slides.csproj", "{E40F6038-B431-4D6A-9D83-37AD1C7BAE1E}"
EndProject
Project("{FAE04EC0-301F-11D3-BF4B-00C04F79EFBC}") = "4.ConsoleJustification", "4.ConsoleJustification\4.ConsoleJustification.csproj", "{5E5FCA06-1AF5-4FC1-B918-9CA2287AC5AA}"
EndProject
Project("{FAE04EC0-301F-11D3-BF4B-00C04F79EFBC}") = "4.CJv2", "4.CJv2\4.CJv2.csproj", "{BF822FD4-F0E1-4284-8D72-A7B64BE48886}"
EndProject
Project("{FAE04EC0-301F-11D3-BF4B-00C04F79EFBC}") = "5.OneTaskInNotEnough", "5.OneTaskInNotEnough\5.OneTaskInNotEnough.csproj", "{3662B125-5967-404A-A641-EEEFBB2C30C3}"
EndProject
Project("{2150E333-8FDC-42A3-9474-1A3956D46DE8}") = "22 Jan 2014", "22 Jan 2014", "{F7039B48-77FA-44C2-ACD2-203C3FB94863}"
EndProject
Project("{FAE04EC0-301F-11D3-BF4B-00C04F79EFBC}") = "5.HelpDoge", "5.HelpDoge\5.HelpDoge.csproj", "{7E14B430-913A-4EA9-ACEE-D9E5C9C8F346}"
EndProject
Project("{FAE04EC0-301F-11D3-BF4B-00C04F79EFBC}") = "4.VariableLengthCoding", "4.VariableLengthCoding\4.VariableLengthCoding.csproj", "{04F479BA-9455-4FE9-BED5-13D9E54C5C2C}"
EndProject
Project("{FAE04EC0-301F-11D3-BF4B-00C04F79EFBC}") = "3.Patterns", "3.Patterns\3.Patterns.csproj", "{417D4F60-437E-4783-8D72-817BA363EBD0}"
EndProject
Project("{FAE04EC0-301F-11D3-BF4B-00C04F79EFBC}") = "2.Bunny", "2.Bunny\2.Bunny.csproj", "{358FA84A-61E1-4BF0-8FCB-E90A78771AB2}"
EndProject
Project("{FAE04EC0-301F-11D3-BF4B-00C04F79EFBC}") = "1.SomeNumbers", "1.SomeNumbers\1.SomeNumbers.csproj", "{2285975C-263A-4925-A7C2-1C4CE38A856C}"
EndProject
Project("{2150E333-8FDC-42A3-9474-1A3956D46DE8}") = "8 Feb 2012", "8 Feb 2012", "{1199C811-BB92-42D7-9F0F-4808D9FF2040}"
EndProject
Project("{FAE04EC0-301F-11D3-BF4B-00C04F79EFBC}") = "1.BasicBasic", "1.BasicBasic\1.BasicBasic.csproj", "{F4A6A563-1C91-474F-9707-FB53B662CA6C}"
EndProject
Project("{FAE04EC0-301F-11D3-BF4B-00C04F79EFBC}") = "2.Crossword", "2.Crossword\2.Crossword.csproj", "{EF87DFD0-D824-461F-AFA3-FEA4F0FBB730}"
EndProject
Project("{FAE04EC0-301F-11D3-BF4B-00C04F79EFBC}") = "3.Indices", "3.Indices\3.Indices.csproj", "{C52F459A-A736-46C3-9E23-B46DA3BECC4B}"
EndProject
Project("{FAE04EC0-301F-11D3-BF4B-00C04F79EFBC}") = "4.BombingCuboids", "4.BombingCuboids\4.BombingCuboids.csproj", "{708D181A-F22F-4EFD-83D5-9AAE16AD8D08}"
EndProject
Project("{FAE04EC0-301F-11D3-BF4B-00C04F79EFBC}") = "5.AcadTasks", "5.AcadTasks\5.AcadTasks.csproj", "{B3C927C6-0A66-452E-A604-97F31EDE01BF}"
EndProject
Global
	GlobalSection(SolutionConfigurationPlatforms) = preSolution
		Debug|Any CPU = Debug|Any CPU
		Release|Any CPU = Release|Any CPU
	EndGlobalSection
	GlobalSection(ProjectConfigurationPlatforms) = postSolution
		{6C5D5A7A-2B7A-467D-9CE3-1B0B3E8B4B9B}.Debug|Any CPU.ActiveCfg = Debug|Any CPU
		{6C5D5A7A-2B7A-467D-9CE3-1B0B3E8B4B9B}.Debug|Any CPU.Build.0 = Debug|Any CPU
		{6C5D5A7A-2B7A-467D-9CE3-1B0B3E8B4B9B}.Release|Any CPU.ActiveCfg = Release|Any CPU
		{6C5D5A7A-2B7A-467D-9CE3-1B0B3E8B4B9B}.Release|Any CPU.Build.0 = Release|Any CPU
		{F617F7DC-B8E5-490F-A33D-19ED27FCC365}.Debug|Any CPU.ActiveCfg = Debug|Any CPU
		{F617F7DC-B8E5-490F-A33D-19ED27FCC365}.Debug|Any CPU.Build.0 = Debug|Any CPU
		{F617F7DC-B8E5-490F-A33D-19ED27FCC365}.Release|Any CPU.ActiveCfg = Release|Any CPU
		{F617F7DC-B8E5-490F-A33D-19ED27FCC365}.Release|Any CPU.Build.0 = Release|Any CPU
		{E736EEE2-D79E-4C14-BC16-31E8FC9C1D58}.Debug|Any CPU.ActiveCfg = Debug|Any CPU
		{E736EEE2-D79E-4C14-BC16-31E8FC9C1D58}.Debug|Any CPU.Build.0 = Debug|Any CPU
		{E736EEE2-D79E-4C14-BC16-31E8FC9C1D58}.Release|Any CPU.ActiveCfg = Release|Any CPU
		{E736EEE2-D79E-4C14-BC16-31E8FC9C1D58}.Release|Any CPU.Build.0 = Release|Any CPU
		{5871899F-93C5-49CA-B476-8679D0EFF490}.Debug|Any CPU.ActiveCfg = Debug|Any CPU
		{5871899F-93C5-49CA-B476-8679D0EFF490}.Debug|Any CPU.Build.0 = Debug|Any CPU
		{5871899F-93C5-49CA-B476-8679D0EFF490}.Release|Any CPU.ActiveCfg = Release|Any CPU
		{5871899F-93C5-49CA-B476-8679D0EFF490}.Release|Any CPU.Build.0 = Release|Any CPU
		{5E060D15-A7BB-4C62-96A7-CD5588682F92}.Debug|Any CPU.ActiveCfg = Debug|Any CPU
		{5E060D15-A7BB-4C62-96A7-CD5588682F92}.Debug|Any CPU.Build.0 = Debug|Any CPU
		{5E060D15-A7BB-4C62-96A7-CD5588682F92}.Release|Any CPU.ActiveCfg = Release|Any CPU
		{5E060D15-A7BB-4C62-96A7-CD5588682F92}.Release|Any CPU.Build.0 = Release|Any CPU
		{EBADBBB7-7EF3-428D-AAA7-98682E81D26B}.Debug|Any CPU.ActiveCfg = Debug|Any CPU
		{EBADBBB7-7EF3-428D-AAA7-98682E81D26B}.Debug|Any CPU.Build.0 = Debug|Any CPU
		{EBADBBB7-7EF3-428D-AAA7-98682E81D26B}.Release|Any CPU.ActiveCfg = Release|Any CPU
		{EBADBBB7-7EF3-428D-AAA7-98682E81D26B}.Release|Any CPU.Build.0 = Release|Any CPU
		{44FAA50A-4B45-48D8-98B7-3FBDAB800A67}.Debug|Any CPU.ActiveCfg = Debug|Any CPU
		{44FAA50A-4B45-48D8-98B7-3FBDAB800A67}.Debug|Any CPU.Build.0 = Debug|Any CPU
		{44FAA50A-4B45-48D8-98B7-3FBDAB800A67}.Release|Any CPU.ActiveCfg = Release|Any CPU
		{44FAA50A-4B45-48D8-98B7-3FBDAB800A67}.Release|Any CPU.Build.0 = Release|Any CPU
		{9E1A265B-AE32-4839-B36E-70D7E36E1CE9}.Debug|Any CPU.ActiveCfg = Debug|Any CPU
		{9E1A265B-AE32-4839-B36E-70D7E36E1CE9}.Debug|Any CPU.Build.0 = Debug|Any CPU
		{9E1A265B-AE32-4839-B36E-70D7E36E1CE9}.Release|Any CPU.ActiveCfg = Release|Any CPU
		{9E1A265B-AE32-4839-B36E-70D7E36E1CE9}.Release|Any CPU.Build.0 = Release|Any CPU
		{07F893CA-8759-49CC-809B-E4E5EA6CB52D}.Debug|Any CPU.ActiveCfg = Debug|Any CPU
		{07F893CA-8759-49CC-809B-E4E5EA6CB52D}.Debug|Any CPU.Build.0 = Debug|Any CPU
		{07F893CA-8759-49CC-809B-E4E5EA6CB52D}.Release|Any CPU.ActiveCfg = Release|Any CPU
		{07F893CA-8759-49CC-809B-E4E5EA6CB52D}.Release|Any CPU.Build.0 = Release|Any CPU
		{C0B0EBAA-36CB-4883-BCC3-7C826D0FA5DB}.Debug|Any CPU.ActiveCfg = Debug|Any CPU
		{C0B0EBAA-36CB-4883-BCC3-7C826D0FA5DB}.Debug|Any CPU.Build.0 = Debug|Any CPU
		{C0B0EBAA-36CB-4883-BCC3-7C826D0FA5DB}.Release|Any CPU.ActiveCfg = Release|Any CPU
		{C0B0EBAA-36CB-4883-BCC3-7C826D0FA5DB}.Release|Any CPU.Build.0 = Release|Any CPU
		{E16EE16B-A416-4120-AF96-862B293CA3BE}.Debug|Any CPU.ActiveCfg = Debug|Any CPU
		{E16EE16B-A416-4120-AF96-862B293CA3BE}.Debug|Any CPU.Build.0 = Debug|Any CPU
		{E16EE16B-A416-4120-AF96-862B293CA3BE}.Release|Any CPU.ActiveCfg = Release|Any CPU
		{E16EE16B-A416-4120-AF96-862B293CA3BE}.Release|Any CPU.Build.0 = Release|Any CPU
		{8816F324-0E2C-4480-9B44-087FE2FBB3E1}.Debug|Any CPU.ActiveCfg = Debug|Any CPU
		{8816F324-0E2C-4480-9B44-087FE2FBB3E1}.Debug|Any CPU.Build.0 = Debug|Any CPU
		{8816F324-0E2C-4480-9B44-087FE2FBB3E1}.Release|Any CPU.ActiveCfg = Release|Any CPU
		{8816F324-0E2C-4480-9B44-087FE2FBB3E1}.Release|Any CPU.Build.0 = Release|Any CPU
		{E9A6DC74-26A5-4549-B57F-77BC6FEADD31}.Debug|Any CPU.ActiveCfg = Debug|Any CPU
		{E9A6DC74-26A5-4549-B57F-77BC6FEADD31}.Debug|Any CPU.Build.0 = Debug|Any CPU
		{E9A6DC74-26A5-4549-B57F-77BC6FEADD31}.Release|Any CPU.ActiveCfg = Release|Any CPU
		{E9A6DC74-26A5-4549-B57F-77BC6FEADD31}.Release|Any CPU.Build.0 = Release|Any CPU
		{D30C5481-C6D8-48EE-B43C-3AE6BE53E082}.Debug|Any CPU.ActiveCfg = Debug|Any CPU
		{D30C5481-C6D8-48EE-B43C-3AE6BE53E082}.Debug|Any CPU.Build.0 = Debug|Any CPU
		{D30C5481-C6D8-48EE-B43C-3AE6BE53E082}.Release|Any CPU.ActiveCfg = Release|Any CPU
		{D30C5481-C6D8-48EE-B43C-3AE6BE53E082}.Release|Any CPU.Build.0 = Release|Any CPU
		{15A51F3F-B38A-4825-908C-5F4E223EFB97}.Debug|Any CPU.ActiveCfg = Debug|Any CPU
		{15A51F3F-B38A-4825-908C-5F4E223EFB97}.Debug|Any CPU.Build.0 = Debug|Any CPU
		{15A51F3F-B38A-4825-908C-5F4E223EFB97}.Release|Any CPU.ActiveCfg = Release|Any CPU
		{15A51F3F-B38A-4825-908C-5F4E223EFB97}.Release|Any CPU.Build.0 = Release|Any CPU
		{C6235AC5-DA8B-4134-8B96-215B22A26828}.Debug|Any CPU.ActiveCfg = Debug|Any CPU
		{C6235AC5-DA8B-4134-8B96-215B22A26828}.Debug|Any CPU.Build.0 = Debug|Any CPU
		{C6235AC5-DA8B-4134-8B96-215B22A26828}.Release|Any CPU.ActiveCfg = Release|Any CPU
		{C6235AC5-DA8B-4134-8B96-215B22A26828}.Release|Any CPU.Build.0 = Release|Any CPU
		{F7BAF32B-C486-4B7D-9DC4-CD6C837765C4}.Debug|Any CPU.ActiveCfg = Debug|Any CPU
		{F7BAF32B-C486-4B7D-9DC4-CD6C837765C4}.Debug|Any CPU.Build.0 = Debug|Any CPU
		{F7BAF32B-C486-4B7D-9DC4-CD6C837765C4}.Release|Any CPU.ActiveCfg = Release|Any CPU
		{F7BAF32B-C486-4B7D-9DC4-CD6C837765C4}.Release|Any CPU.Build.0 = Release|Any CPU
		{6AE05451-393D-4F04-BFBA-BD6A5CF349B2}.Debug|Any CPU.ActiveCfg = Debug|Any CPU
		{6AE05451-393D-4F04-BFBA-BD6A5CF349B2}.Debug|Any CPU.Build.0 = Debug|Any CPU
		{6AE05451-393D-4F04-BFBA-BD6A5CF349B2}.Release|Any CPU.ActiveCfg = Release|Any CPU
		{6AE05451-393D-4F04-BFBA-BD6A5CF349B2}.Release|Any CPU.Build.0 = Release|Any CPU
		{ADBA9252-6823-48AA-8E1E-10635D0528E6}.Debug|Any CPU.ActiveCfg = Debug|Any CPU
		{ADBA9252-6823-48AA-8E1E-10635D0528E6}.Debug|Any CPU.Build.0 = Debug|Any CPU
		{ADBA9252-6823-48AA-8E1E-10635D0528E6}.Release|Any CPU.ActiveCfg = Release|Any CPU
		{ADBA9252-6823-48AA-8E1E-10635D0528E6}.Release|Any CPU.Build.0 = Release|Any CPU
		{1C98D1C8-71E0-4F0B-8F3F-861125E52C7F}.Debug|Any CPU.ActiveCfg = Debug|Any CPU
		{1C98D1C8-71E0-4F0B-8F3F-861125E52C7F}.Debug|Any CPU.Build.0 = Debug|Any CPU
		{1C98D1C8-71E0-4F0B-8F3F-861125E52C7F}.Release|Any CPU.ActiveCfg = Release|Any CPU
		{1C98D1C8-71E0-4F0B-8F3F-861125E52C7F}.Release|Any CPU.Build.0 = Release|Any CPU
		{7F40D46D-FEE5-4CB0-B655-098A0EEB2B42}.Debug|Any CPU.ActiveCfg = Debug|Any CPU
		{7F40D46D-FEE5-4CB0-B655-098A0EEB2B42}.Debug|Any CPU.Build.0 = Debug|Any CPU
		{7F40D46D-FEE5-4CB0-B655-098A0EEB2B42}.Release|Any CPU.ActiveCfg = Release|Any CPU
		{7F40D46D-FEE5-4CB0-B655-098A0EEB2B42}.Release|Any CPU.Build.0 = Release|Any CPU
		{C3C91AEA-A50E-4372-BB75-5EC7AF496AC2}.Debug|Any CPU.ActiveCfg = Debug|Any CPU
		{C3C91AEA-A50E-4372-BB75-5EC7AF496AC2}.Debug|Any CPU.Build.0 = Debug|Any CPU
		{C3C91AEA-A50E-4372-BB75-5EC7AF496AC2}.Release|Any CPU.ActiveCfg = Release|Any CPU
		{C3C91AEA-A50E-4372-BB75-5EC7AF496AC2}.Release|Any CPU.Build.0 = Release|Any CPU
		{E40F6038-B431-4D6A-9D83-37AD1C7BAE1E}.Debug|Any CPU.ActiveCfg = Debug|Any CPU
		{E40F6038-B431-4D6A-9D83-37AD1C7BAE1E}.Debug|Any CPU.Build.0 = Debug|Any CPU
		{E40F6038-B431-4D6A-9D83-37AD1C7BAE1E}.Release|Any CPU.ActiveCfg = Release|Any CPU
		{E40F6038-B431-4D6A-9D83-37AD1C7BAE1E}.Release|Any CPU.Build.0 = Release|Any CPU
		{5E5FCA06-1AF5-4FC1-B918-9CA2287AC5AA}.Debug|Any CPU.ActiveCfg = Debug|Any CPU
		{5E5FCA06-1AF5-4FC1-B918-9CA2287AC5AA}.Debug|Any CPU.Build.0 = Debug|Any CPU
		{5E5FCA06-1AF5-4FC1-B918-9CA2287AC5AA}.Release|Any CPU.ActiveCfg = Release|Any CPU
		{5E5FCA06-1AF5-4FC1-B918-9CA2287AC5AA}.Release|Any CPU.Build.0 = Release|Any CPU
		{BF822FD4-F0E1-4284-8D72-A7B64BE48886}.Debug|Any CPU.ActiveCfg = Debug|Any CPU
		{BF822FD4-F0E1-4284-8D72-A7B64BE48886}.Debug|Any CPU.Build.0 = Debug|Any CPU
		{BF822FD4-F0E1-4284-8D72-A7B64BE48886}.Release|Any CPU.ActiveCfg = Release|Any CPU
		{BF822FD4-F0E1-4284-8D72-A7B64BE48886}.Release|Any CPU.Build.0 = Release|Any CPU
		{3662B125-5967-404A-A641-EEEFBB2C30C3}.Debug|Any CPU.ActiveCfg = Debug|Any CPU
		{3662B125-5967-404A-A641-EEEFBB2C30C3}.Debug|Any CPU.Build.0 = Debug|Any CPU
		{3662B125-5967-404A-A641-EEEFBB2C30C3}.Release|Any CPU.ActiveCfg = Release|Any CPU
		{3662B125-5967-404A-A641-EEEFBB2C30C3}.Release|Any CPU.Build.0 = Release|Any CPU
		{7E14B430-913A-4EA9-ACEE-D9E5C9C8F346}.Debug|Any CPU.ActiveCfg = Debug|Any CPU
		{7E14B430-913A-4EA9-ACEE-D9E5C9C8F346}.Debug|Any CPU.Build.0 = Debug|Any CPU
		{7E14B430-913A-4EA9-ACEE-D9E5C9C8F346}.Release|Any CPU.ActiveCfg = Release|Any CPU
		{7E14B430-913A-4EA9-ACEE-D9E5C9C8F346}.Release|Any CPU.Build.0 = Release|Any CPU
		{04F479BA-9455-4FE9-BED5-13D9E54C5C2C}.Debug|Any CPU.ActiveCfg = Debug|Any CPU
		{04F479BA-9455-4FE9-BED5-13D9E54C5C2C}.Debug|Any CPU.Build.0 = Debug|Any CPU
		{04F479BA-9455-4FE9-BED5-13D9E54C5C2C}.Release|Any CPU.ActiveCfg = Release|Any CPU
		{04F479BA-9455-4FE9-BED5-13D9E54C5C2C}.Release|Any CPU.Build.0 = Release|Any CPU
		{417D4F60-437E-4783-8D72-817BA363EBD0}.Debug|Any CPU.ActiveCfg = Debug|Any CPU
		{417D4F60-437E-4783-8D72-817BA363EBD0}.Debug|Any CPU.Build.0 = Debug|Any CPU
		{417D4F60-437E-4783-8D72-817BA363EBD0}.Release|Any CPU.ActiveCfg = Release|Any CPU
		{417D4F60-437E-4783-8D72-817BA363EBD0}.Release|Any CPU.Build.0 = Release|Any CPU
		{358FA84A-61E1-4BF0-8FCB-E90A78771AB2}.Debug|Any CPU.ActiveCfg = Debug|Any CPU
		{358FA84A-61E1-4BF0-8FCB-E90A78771AB2}.Debug|Any CPU.Build.0 = Debug|Any CPU
		{358FA84A-61E1-4BF0-8FCB-E90A78771AB2}.Release|Any CPU.ActiveCfg = Release|Any CPU
		{358FA84A-61E1-4BF0-8FCB-E90A78771AB2}.Release|Any CPU.Build.0 = Release|Any CPU
		{2285975C-263A-4925-A7C2-1C4CE38A856C}.Debug|Any CPU.ActiveCfg = Debug|Any CPU
		{2285975C-263A-4925-A7C2-1C4CE38A856C}.Debug|Any CPU.Build.0 = Debug|Any CPU
		{2285975C-263A-4925-A7C2-1C4CE38A856C}.Release|Any CPU.ActiveCfg = Release|Any CPU
		{2285975C-263A-4925-A7C2-1C4CE38A856C}.Release|Any CPU.Build.0 = Release|Any CPU
		{F4A6A563-1C91-474F-9707-FB53B662CA6C}.Debug|Any CPU.ActiveCfg = Debug|Any CPU
		{F4A6A563-1C91-474F-9707-FB53B662CA6C}.Debug|Any CPU.Build.0 = Debug|Any CPU
		{F4A6A563-1C91-474F-9707-FB53B662CA6C}.Release|Any CPU.ActiveCfg = Release|Any CPU
		{F4A6A563-1C91-474F-9707-FB53B662CA6C}.Release|Any CPU.Build.0 = Release|Any CPU
		{EF87DFD0-D824-461F-AFA3-FEA4F0FBB730}.Debug|Any CPU.ActiveCfg = Debug|Any CPU
		{EF87DFD0-D824-461F-AFA3-FEA4F0FBB730}.Debug|Any CPU.Build.0 = Debug|Any CPU
		{EF87DFD0-D824-461F-AFA3-FEA4F0FBB730}.Release|Any CPU.ActiveCfg = Release|Any CPU
		{EF87DFD0-D824-461F-AFA3-FEA4F0FBB730}.Release|Any CPU.Build.0 = Release|Any CPU
		{C52F459A-A736-46C3-9E23-B46DA3BECC4B}.Debug|Any CPU.ActiveCfg = Debug|Any CPU
		{C52F459A-A736-46C3-9E23-B46DA3BECC4B}.Debug|Any CPU.Build.0 = Debug|Any CPU
		{C52F459A-A736-46C3-9E23-B46DA3BECC4B}.Release|Any CPU.ActiveCfg = Release|Any CPU
		{C52F459A-A736-46C3-9E23-B46DA3BECC4B}.Release|Any CPU.Build.0 = Release|Any CPU
		{708D181A-F22F-4EFD-83D5-9AAE16AD8D08}.Debug|Any CPU.ActiveCfg = Debug|Any CPU
		{708D181A-F22F-4EFD-83D5-9AAE16AD8D08}.Debug|Any CPU.Build.0 = Debug|Any CPU
		{708D181A-F22F-4EFD-83D5-9AAE16AD8D08}.Release|Any CPU.ActiveCfg = Release|Any CPU
		{708D181A-F22F-4EFD-83D5-9AAE16AD8D08}.Release|Any CPU.Build.0 = Release|Any CPU
		{B3C927C6-0A66-452E-A604-97F31EDE01BF}.Debug|Any CPU.ActiveCfg = Debug|Any CPU
		{B3C927C6-0A66-452E-A604-97F31EDE01BF}.Debug|Any CPU.Build.0 = Debug|Any CPU
		{B3C927C6-0A66-452E-A604-97F31EDE01BF}.Release|Any CPU.ActiveCfg = Release|Any CPU
		{B3C927C6-0A66-452E-A604-97F31EDE01BF}.Release|Any CPU.Build.0 = Release|Any CPU
	EndGlobalSection
	GlobalSection(SolutionProperties) = preSolution
		HideSolutionNode = FALSE
	EndGlobalSection
	GlobalSection(NestedProjects) = preSolution
		{6C5D5A7A-2B7A-467D-9CE3-1B0B3E8B4B9B} = {36453B9F-5EE9-45CF-8A78-2A6839B6B3F2}
		{F617F7DC-B8E5-490F-A33D-19ED27FCC365} = {36453B9F-5EE9-45CF-8A78-2A6839B6B3F2}
		{E736EEE2-D79E-4C14-BC16-31E8FC9C1D58} = {36453B9F-5EE9-45CF-8A78-2A6839B6B3F2}
		{5871899F-93C5-49CA-B476-8679D0EFF490} = {36453B9F-5EE9-45CF-8A78-2A6839B6B3F2}
		{5E060D15-A7BB-4C62-96A7-CD5588682F92} = {36453B9F-5EE9-45CF-8A78-2A6839B6B3F2}
		{EBADBBB7-7EF3-428D-AAA7-98682E81D26B} = {C7040F18-46E5-43DA-A145-9E3FB8D0F658}
		{44FAA50A-4B45-48D8-98B7-3FBDAB800A67} = {C7040F18-46E5-43DA-A145-9E3FB8D0F658}
		{9E1A265B-AE32-4839-B36E-70D7E36E1CE9} = {C7040F18-46E5-43DA-A145-9E3FB8D0F658}
		{07F893CA-8759-49CC-809B-E4E5EA6CB52D} = {C7040F18-46E5-43DA-A145-9E3FB8D0F658}
		{C0B0EBAA-36CB-4883-BCC3-7C826D0FA5DB} = {C7040F18-46E5-43DA-A145-9E3FB8D0F658}
		{E16EE16B-A416-4120-AF96-862B293CA3BE} = {3B485DEF-EF01-45F4-8FF4-9C047DD34566}
		{8816F324-0E2C-4480-9B44-087FE2FBB3E1} = {3B485DEF-EF01-45F4-8FF4-9C047DD34566}
		{E9A6DC74-26A5-4549-B57F-77BC6FEADD31} = {3B485DEF-EF01-45F4-8FF4-9C047DD34566}
		{D30C5481-C6D8-48EE-B43C-3AE6BE53E082} = {3B485DEF-EF01-45F4-8FF4-9C047DD34566}
		{15A51F3F-B38A-4825-908C-5F4E223EFB97} = {3B485DEF-EF01-45F4-8FF4-9C047DD34566}
		{C6235AC5-DA8B-4134-8B96-215B22A26828} = {3E7D2749-8E53-4CF1-BA7D-FA3BAA5973A0}
		{F7BAF32B-C486-4B7D-9DC4-CD6C837765C4} = {3E7D2749-8E53-4CF1-BA7D-FA3BAA5973A0}
		{6AE05451-393D-4F04-BFBA-BD6A5CF349B2} = {3E7D2749-8E53-4CF1-BA7D-FA3BAA5973A0}
		{ADBA9252-6823-48AA-8E1E-10635D0528E6} = {3E7D2749-8E53-4CF1-BA7D-FA3BAA5973A0}
		{1C98D1C8-71E0-4F0B-8F3F-861125E52C7F} = {3E7D2749-8E53-4CF1-BA7D-FA3BAA5973A0}
		{7F40D46D-FEE5-4CB0-B655-098A0EEB2B42} = {A68A447B-9953-41F7-BD1F-1FB08F09E335}
		{C3C91AEA-A50E-4372-BB75-5EC7AF496AC2} = {A68A447B-9953-41F7-BD1F-1FB08F09E335}
		{E40F6038-B431-4D6A-9D83-37AD1C7BAE1E} = {A68A447B-9953-41F7-BD1F-1FB08F09E335}
		{5E5FCA06-1AF5-4FC1-B918-9CA2287AC5AA} = {A68A447B-9953-41F7-BD1F-1FB08F09E335}
		{BF822FD4-F0E1-4284-8D72-A7B64BE48886} = {A68A447B-9953-41F7-BD1F-1FB08F09E335}
		{3662B125-5967-404A-A641-EEEFBB2C30C3} = {A68A447B-9953-41F7-BD1F-1FB08F09E335}
		{7E14B430-913A-4EA9-ACEE-D9E5C9C8F346} = {F7039B48-77FA-44C2-ACD2-203C3FB94863}
		{04F479BA-9455-4FE9-BED5-13D9E54C5C2C} = {F7039B48-77FA-44C2-ACD2-203C3FB94863}
		{417D4F60-437E-4783-8D72-817BA363EBD0} = {F7039B48-77FA-44C2-ACD2-203C3FB94863}
		{358FA84A-61E1-4BF0-8FCB-E90A78771AB2} = {F7039B48-77FA-44C2-ACD2-203C3FB94863}
		{2285975C-263A-4925-A7C2-1C4CE38A856C} = {F7039B48-77FA-44C2-ACD2-203C3FB94863}
		{F4A6A563-1C91-474F-9707-FB53B662CA6C} = {1199C811-BB92-42D7-9F0F-4808D9FF2040}
		{EF87DFD0-D824-461F-AFA3-FEA4F0FBB730} = {1199C811-BB92-42D7-9F0F-4808D9FF2040}
		{C52F459A-A736-46C3-9E23-B46DA3BECC4B} = {1199C811-BB92-42D7-9F0F-4808D9FF2040}
		{708D181A-F22F-4EFD-83D5-9AAE16AD8D08} = {1199C811-BB92-42D7-9F0F-4808D9FF2040}
		{B3C927C6-0A66-452E-A604-97F31EDE01BF} = {1199C811-BB92-42D7-9F0F-4808D9FF2040}
	EndGlobalSection
EndGlobal
