
Microsoft Visual Studio Solution File, Format Version 12.00
# Visual Studio 2013
VisualStudioVersion = 12.0.21005.1
MinimumVisualStudioVersion = 10.0.40219.1
Project("{FAE04EC0-301F-11D3-BF4B-00C04F79EFBC}") = "1.MultiverseCommunication", "1.MultiverseCommunication\1.MultiverseCommunication.csproj", "{6C5D5A7A-2B7A-467D-9CE3-1B0B3E8B4B9B}"
EndProject
Project("{2150E333-8FDC-42A3-9474-1A3956D46DE8}") = "14 Sept 2013 - Morning", "14 Sept 2013 - Morning", "{36453B9F-5EE9-45CF-8A78-2A6839B6B3F2}"
EndProject
Project("{FAE04EC0-301F-11D3-BF4B-00C04F79EFBC}") = "2.MagicWords NOT COMPLETED", "2.MagicWords\2.MagicWords NOT COMPLETED.csproj", "{F617F7DC-B8E5-490F-A33D-19ED27FCC365}"
EndProject
Global
	GlobalSection(SolutionConfigurationPlatforms) = preSolution
		Debug|Any CPU = Debug|Any CPU
		Release|Any CPU = Release|Any CPU
	EndGlobalSection
	GlobalSection(ProjectConfigurationPlatforms) = postSolution
		{6C5D5A7A-2B7A-467D-9CE3-1B0B3E8B4B9B}.Debug|Any CPU.ActiveCfg = Debug|Any CPU
		{6C5D5A7A-2B7A-467D-9CE3-1B0B3E8B4B9B}.Debug|Any CPU.Build.0 = Debug|Any CPU
		{6C5D5A7A-2B7A-467D-9CE3-1B0B3E8B4B9B}.Release|Any CPU.ActiveCfg = Release|Any CPU
		{6C5D5A7A-2B7A-467D-9CE3-1B0B3E8B4B9B}.Release|Any CPU.Build.0 = Release|Any CPU
		{F617F7DC-B8E5-490F-A33D-19ED27FCC365}.Debug|Any CPU.ActiveCfg = Debug|Any CPU
		{F617F7DC-B8E5-490F-A33D-19ED27FCC365}.Debug|Any CPU.Build.0 = Debug|Any CPU
		{F617F7DC-B8E5-490F-A33D-19ED27FCC365}.Release|Any CPU.ActiveCfg = Release|Any CPU
		{F617F7DC-B8E5-490F-A33D-19ED27FCC365}.Release|Any CPU.Build.0 = Release|Any CPU
	EndGlobalSection
	GlobalSection(SolutionProperties) = preSolution
		HideSolutionNode = FALSE
	EndGlobalSection
	GlobalSection(NestedProjects) = preSolution
		{6C5D5A7A-2B7A-467D-9CE3-1B0B3E8B4B9B} = {36453B9F-5EE9-45CF-8A78-2A6839B6B3F2}
		{F617F7DC-B8E5-490F-A33D-19ED27FCC365} = {36453B9F-5EE9-45CF-8A78-2A6839B6B3F2}
	EndGlobalSection
EndGlobal
